// !$*UTF8*$!
{
	archiveVersion = 1;
	classes = {
	};
	objectVersion = 56;
	objects = {

/* Begin PBXBuildFile section */
		F61B48FB2AC6910300163D66 /* RemoteImage.swift in Sources */ = {isa = PBXBuildFile; fileRef = F61B48FA2AC6910300163D66 /* RemoteImage.swift */; };
		F61DFF972ABE1284005AFBF4 /* AppetizersApp.swift in Sources */ = {isa = PBXBuildFile; fileRef = F61DFF962ABE1284005AFBF4 /* AppetizersApp.swift */; };
		F61DFF992ABE1284005AFBF4 /* AppetizerTabView.swift in Sources */ = {isa = PBXBuildFile; fileRef = F61DFF982ABE1284005AFBF4 /* AppetizerTabView.swift */; };
		F61DFF9B2ABE1287005AFBF4 /* Assets.xcassets in Resources */ = {isa = PBXBuildFile; fileRef = F61DFF9A2ABE1287005AFBF4 /* Assets.xcassets */; };
		F61DFF9E2ABE1287005AFBF4 /* Preview Assets.xcassets in Resources */ = {isa = PBXBuildFile; fileRef = F61DFF9D2ABE1287005AFBF4 /* Preview Assets.xcassets */; };
		F61DFFA52ABE329A005AFBF4 /* AppetizerListView.swift in Sources */ = {isa = PBXBuildFile; fileRef = F61DFFA42ABE329A005AFBF4 /* AppetizerListView.swift */; };
		F61DFFA72ABE32FA005AFBF4 /* AccountView.swift in Sources */ = {isa = PBXBuildFile; fileRef = F61DFFA62ABE32FA005AFBF4 /* AccountView.swift */; };
		F61DFFA92ABE3315005AFBF4 /* OrderView.swift in Sources */ = {isa = PBXBuildFile; fileRef = F61DFFA82ABE3315005AFBF4 /* OrderView.swift */; };
		F63741282AC4E85800072236 /* AppetizerListViewModel.swift in Sources */ = {isa = PBXBuildFile; fileRef = F63741272AC4E85800072236 /* AppetizerListViewModel.swift */; };
		F637412A2AC4F1A300072236 /* Alert.swift in Sources */ = {isa = PBXBuildFile; fileRef = F63741292AC4F1A300072236 /* Alert.swift */; };
		F6374E982ACF3F0700184FD3 /* User.swift in Sources */ = {isa = PBXBuildFile; fileRef = F6374E972ACF3F0700184FD3 /* User.swift */; };
		F63B9C552ABFBFFC00F7197A /* Appetizer.swift in Sources */ = {isa = PBXBuildFile; fileRef = F63B9C542ABFBFFC00F7197A /* Appetizer.swift */; };
		F63B9C572AC0ECB500F7197A /* AppetizerListCell.swift in Sources */ = {isa = PBXBuildFile; fileRef = F63B9C562AC0ECB500F7197A /* AppetizerListCell.swift */; };
		F63B9C592AC0F5EF00F7197A /* NetworkManager.swift in Sources */ = {isa = PBXBuildFile; fileRef = F63B9C582AC0F5EF00F7197A /* NetworkManager.swift */; };
		F63B9C5B2AC2203F00F7197A /* APError.swift in Sources */ = {isa = PBXBuildFile; fileRef = F63B9C5A2AC2203F00F7197A /* APError.swift */; };
		F68895F82ACC8FEA000AB43B /* AppetizerDetailView.swift in Sources */ = {isa = PBXBuildFile; fileRef = F68895F72ACC8FEA000AB43B /* AppetizerDetailView.swift */; };
		F6A95AD32ACE50F6004276E6 /* APButton.swift in Sources */ = {isa = PBXBuildFile; fileRef = F6A95AD22ACE50F6004276E6 /* APButton.swift */; };
		F6A95AD52ACE52EF004276E6 /* XDismissButton.swift in Sources */ = {isa = PBXBuildFile; fileRef = F6A95AD42ACE52EF004276E6 /* XDismissButton.swift */; };
		F6A95AD72ACE7754004276E6 /* AccountViewModel.swift in Sources */ = {isa = PBXBuildFile; fileRef = F6A95AD62ACE7754004276E6 /* AccountViewModel.swift */; };
		F6A95AD92ACE792C004276E6 /* String+Ext.swift in Sources */ = {isa = PBXBuildFile; fileRef = F6A95AD82ACE792B004276E6 /* String+Ext.swift */; };
/* End PBXBuildFile section */

/* Begin PBXFileReference section */
		F61B48FA2AC6910300163D66 /* RemoteImage.swift */ = {isa = PBXFileReference; lastKnownFileType = sourcecode.swift; path = RemoteImage.swift; sourceTree = "<group>"; };
		F61DFF932ABE1284005AFBF4 /* Appetizers.app */ = {isa = PBXFileReference; explicitFileType = wrapper.application; includeInIndex = 0; path = Appetizers.app; sourceTree = BUILT_PRODUCTS_DIR; };
		F61DFF962ABE1284005AFBF4 /* AppetizersApp.swift */ = {isa = PBXFileReference; lastKnownFileType = sourcecode.swift; path = AppetizersApp.swift; sourceTree = "<group>"; };
		F61DFF982ABE1284005AFBF4 /* AppetizerTabView.swift */ = {isa = PBXFileReference; lastKnownFileType = sourcecode.swift; path = AppetizerTabView.swift; sourceTree = "<group>"; };
		F61DFF9A2ABE1287005AFBF4 /* Assets.xcassets */ = {isa = PBXFileReference; lastKnownFileType = folder.assetcatalog; path = Assets.xcassets; sourceTree = "<group>"; };
		F61DFF9D2ABE1287005AFBF4 /* Preview Assets.xcassets */ = {isa = PBXFileReference; lastKnownFileType = folder.assetcatalog; path = "Preview Assets.xcassets"; sourceTree = "<group>"; };
		F61DFFA42ABE329A005AFBF4 /* AppetizerListView.swift */ = {isa = PBXFileReference; lastKnownFileType = sourcecode.swift; path = AppetizerListView.swift; sourceTree = "<group>"; };
		F61DFFA62ABE32FA005AFBF4 /* AccountView.swift */ = {isa = PBXFileReference; lastKnownFileType = sourcecode.swift; path = AccountView.swift; sourceTree = "<group>"; };
		F61DFFA82ABE3315005AFBF4 /* OrderView.swift */ = {isa = PBXFileReference; lastKnownFileType = sourcecode.swift; path = OrderView.swift; sourceTree = "<group>"; };
		F63741272AC4E85800072236 /* AppetizerListViewModel.swift */ = {isa = PBXFileReference; lastKnownFileType = sourcecode.swift; path = AppetizerListViewModel.swift; sourceTree = "<group>"; };
		F63741292AC4F1A300072236 /* Alert.swift */ = {isa = PBXFileReference; lastKnownFileType = sourcecode.swift; path = Alert.swift; sourceTree = "<group>"; };
		F6374E972ACF3F0700184FD3 /* User.swift */ = {isa = PBXFileReference; lastKnownFileType = sourcecode.swift; path = User.swift; sourceTree = "<group>"; };
		F63B9C542ABFBFFC00F7197A /* Appetizer.swift */ = {isa = PBXFileReference; lastKnownFileType = sourcecode.swift; path = Appetizer.swift; sourceTree = "<group>"; };
		F63B9C562AC0ECB500F7197A /* AppetizerListCell.swift */ = {isa = PBXFileReference; lastKnownFileType = sourcecode.swift; path = AppetizerListCell.swift; sourceTree = "<group>"; };
		F63B9C582AC0F5EF00F7197A /* NetworkManager.swift */ = {isa = PBXFileReference; lastKnownFileType = sourcecode.swift; path = NetworkManager.swift; sourceTree = "<group>"; };
		F63B9C5A2AC2203F00F7197A /* APError.swift */ = {isa = PBXFileReference; lastKnownFileType = sourcecode.swift; path = APError.swift; sourceTree = "<group>"; };
		F68895F72ACC8FEA000AB43B /* AppetizerDetailView.swift */ = {isa = PBXFileReference; lastKnownFileType = sourcecode.swift; path = AppetizerDetailView.swift; sourceTree = "<group>"; };
		F6A95AD22ACE50F6004276E6 /* APButton.swift */ = {isa = PBXFileReference; lastKnownFileType = sourcecode.swift; path = APButton.swift; sourceTree = "<group>"; };
		F6A95AD42ACE52EF004276E6 /* XDismissButton.swift */ = {isa = PBXFileReference; lastKnownFileType = sourcecode.swift; path = XDismissButton.swift; sourceTree = "<group>"; };
		F6A95AD62ACE7754004276E6 /* AccountViewModel.swift */ = {isa = PBXFileReference; lastKnownFileType = sourcecode.swift; path = AccountViewModel.swift; sourceTree = "<group>"; };
		F6A95AD82ACE792B004276E6 /* String+Ext.swift */ = {isa = PBXFileReference; lastKnownFileType = sourcecode.swift; path = "String+Ext.swift"; sourceTree = "<group>"; };
/* End PBXFileReference section */

/* Begin PBXFrameworksBuildPhase section */
		F61DFF902ABE1284005AFBF4 /* Frameworks */ = {
			isa = PBXFrameworksBuildPhase;
			buildActionMask = 2147483647;
			files = (
			);
			runOnlyForDeploymentPostprocessing = 0;
		};
/* End PBXFrameworksBuildPhase section */

/* Begin PBXGroup section */
		F61DFF8A2ABE1284005AFBF4 = {
			isa = PBXGroup;
			children = (
				F61DFF952ABE1284005AFBF4 /* Appetizers */,
				F61DFF942ABE1284005AFBF4 /* Products */,
			);
			sourceTree = "<group>";
		};
		F61DFF942ABE1284005AFBF4 /* Products */ = {
			isa = PBXGroup;
			children = (
				F61DFF932ABE1284005AFBF4 /* Appetizers.app */,
			);
			name = Products;
			sourceTree = "<group>";
		};
		F61DFF952ABE1284005AFBF4 /* Appetizers */ = {
			isa = PBXGroup;
			children = (
				F68895F42ACBCD62000AB43B /* Views */,
				F68895F32ACBCD12000AB43B /* Model */,
				F68895F22ACBCCDC000AB43B /* Alerts */,
				F68895EF2ACBCC6F000AB43B /* Utilities */,
				F68895EB2ACBCBE3000AB43B /* Screens */,
				F61DFF962ABE1284005AFBF4 /* AppetizersApp.swift */,
				F61DFF9A2ABE1287005AFBF4 /* Assets.xcassets */,
				F61DFF9C2ABE1287005AFBF4 /* Preview Content */,
			);
			path = Appetizers;
			sourceTree = "<group>";
		};
		F61DFF9C2ABE1287005AFBF4 /* Preview Content */ = {
			isa = PBXGroup;
			children = (
				F61DFF9D2ABE1287005AFBF4 /* Preview Assets.xcassets */,
			);
			path = "Preview Content";
			sourceTree = "<group>";
		};
		F68895EB2ACBCBE3000AB43B /* Screens */ = {
			isa = PBXGroup;
			children = (
				F61DFF982ABE1284005AFBF4 /* AppetizerTabView.swift */,
				F68895EE2ACBCC27000AB43B /* AccountView */,
				F68895ED2ACBCC1C000AB43B /* OrderView */,
				F68895EC2ACBCC0E000AB43B /* AppetizerListView */,
			);
			path = Screens;
			sourceTree = "<group>";
		};
		F68895EC2ACBCC0E000AB43B /* AppetizerListView */ = {
			isa = PBXGroup;
			children = (
				F63741272AC4E85800072236 /* AppetizerListViewModel.swift */,
				F61DFFA42ABE329A005AFBF4 /* AppetizerListView.swift */,
				F68895F72ACC8FEA000AB43B /* AppetizerDetailView.swift */,
			);
			path = AppetizerListView;
			sourceTree = "<group>";
		};
		F68895ED2ACBCC1C000AB43B /* OrderView */ = {
			isa = PBXGroup;
			children = (
				F61DFFA82ABE3315005AFBF4 /* OrderView.swift */,
			);
			path = OrderView;
			sourceTree = "<group>";
		};
		F68895EE2ACBCC27000AB43B /* AccountView */ = {
			isa = PBXGroup;
			children = (
				F61DFFA62ABE32FA005AFBF4 /* AccountView.swift */,
				F6A95AD62ACE7754004276E6 /* AccountViewModel.swift */,
			);
			path = AccountView;
			sourceTree = "<group>";
		};
		F68895EF2ACBCC6F000AB43B /* Utilities */ = {
			isa = PBXGroup;
			children = (
				F68895F12ACBCC9F000AB43B /* Managers */,
				F68895F02ACBCC94000AB43B /* Extensions */,
			);
			path = Utilities;
			sourceTree = "<group>";
		};
		F68895F02ACBCC94000AB43B /* Extensions */ = {
			isa = PBXGroup;
			children = (
				F6A95AD82ACE792B004276E6 /* String+Ext.swift */,
			);
			path = Extensions;
			sourceTree = "<group>";
		};
		F68895F12ACBCC9F000AB43B /* Managers */ = {
			isa = PBXGroup;
			children = (
				F63B9C582AC0F5EF00F7197A /* NetworkManager.swift */,
			);
			path = Managers;
			sourceTree = "<group>";
		};
		F68895F22ACBCCDC000AB43B /* Alerts */ = {
			isa = PBXGroup;
			children = (
				F63741292AC4F1A300072236 /* Alert.swift */,
				F63B9C5A2AC2203F00F7197A /* APError.swift */,
			);
			path = Alerts;
			sourceTree = "<group>";
		};
		F68895F32ACBCD12000AB43B /* Model */ = {
			isa = PBXGroup;
			children = (
				F63B9C542ABFBFFC00F7197A /* Appetizer.swift */,
				F6374E972ACF3F0700184FD3 /* User.swift */,
			);
			path = Model;
			sourceTree = "<group>";
		};
		F68895F42ACBCD62000AB43B /* Views */ = {
			isa = PBXGroup;
			children = (
				F6A95ACF2ACE5088004276E6 /* Buttons */,
				F68895F62ACBCD7A000AB43B /* Cells */,
				F68895F52ACBCD69000AB43B /* Image */,
			);
			path = Views;
			sourceTree = "<group>";
		};
		F68895F52ACBCD69000AB43B /* Image */ = {
			isa = PBXGroup;
			children = (
				F61B48FA2AC6910300163D66 /* RemoteImage.swift */,
			);
			path = Image;
			sourceTree = "<group>";
		};
		F68895F62ACBCD7A000AB43B /* Cells */ = {
			isa = PBXGroup;
			children = (
				F63B9C562AC0ECB500F7197A /* AppetizerListCell.swift */,
			);
			path = Cells;
			sourceTree = "<group>";
		};
		F6A95ACF2ACE5088004276E6 /* Buttons */ = {
			isa = PBXGroup;
			children = (
				F6A95AD22ACE50F6004276E6 /* APButton.swift */,
				F6A95AD42ACE52EF004276E6 /* XDismissButton.swift */,
			);
			path = Buttons;
			sourceTree = "<group>";
		};
/* End PBXGroup section */

/* Begin PBXNativeTarget section */
		F61DFF922ABE1284005AFBF4 /* Appetizers */ = {
			isa = PBXNativeTarget;
			buildConfigurationList = F61DFFA12ABE1287005AFBF4 /* Build configuration list for PBXNativeTarget "Appetizers" */;
			buildPhases = (
				F61DFF8F2ABE1284005AFBF4 /* Sources */,
				F61DFF902ABE1284005AFBF4 /* Frameworks */,
				F61DFF912ABE1284005AFBF4 /* Resources */,
			);
			buildRules = (
			);
			dependencies = (
			);
			name = Appetizers;
			productName = Appetizers;
			productReference = F61DFF932ABE1284005AFBF4 /* Appetizers.app */;
			productType = "com.apple.product-type.application";
		};
/* End PBXNativeTarget section */

/* Begin PBXProject section */
		F61DFF8B2ABE1284005AFBF4 /* Project object */ = {
			isa = PBXProject;
			attributes = {
				BuildIndependentTargetsInParallel = 1;
				LastSwiftUpdateCheck = 1500;
				LastUpgradeCheck = 1500;
				TargetAttributes = {
					F61DFF922ABE1284005AFBF4 = {
						CreatedOnToolsVersion = 15.0;
					};
				};
			};
			buildConfigurationList = F61DFF8E2ABE1284005AFBF4 /* Build configuration list for PBXProject "Appetizers" */;
			compatibilityVersion = "Xcode 14.0";
			developmentRegion = en;
			hasScannedForEncodings = 0;
			knownRegions = (
				en,
				Base,
			);
			mainGroup = F61DFF8A2ABE1284005AFBF4;
			productRefGroup = F61DFF942ABE1284005AFBF4 /* Products */;
			projectDirPath = "";
			projectRoot = "";
			targets = (
				F61DFF922ABE1284005AFBF4 /* Appetizers */,
			);
		};
/* End PBXProject section */

/* Begin PBXResourcesBuildPhase section */
		F61DFF912ABE1284005AFBF4 /* Resources */ = {
			isa = PBXResourcesBuildPhase;
			buildActionMask = 2147483647;
			files = (
				F61DFF9E2ABE1287005AFBF4 /* Preview Assets.xcassets in Resources */,
				F61DFF9B2ABE1287005AFBF4 /* Assets.xcassets in Resources */,
			);
			runOnlyForDeploymentPostprocessing = 0;
		};
/* End PBXResourcesBuildPhase section */

/* Begin PBXSourcesBuildPhase section */
		F61DFF8F2ABE1284005AFBF4 /* Sources */ = {
			isa = PBXSourcesBuildPhase;
			buildActionMask = 2147483647;
			files = (
				F63B9C552ABFBFFC00F7197A /* Appetizer.swift in Sources */,
				F63B9C5B2AC2203F00F7197A /* APError.swift in Sources */,
				F63B9C572AC0ECB500F7197A /* AppetizerListCell.swift in Sources */,
				F6A95AD92ACE792C004276E6 /* String+Ext.swift in Sources */,
				F61B48FB2AC6910300163D66 /* RemoteImage.swift in Sources */,
				F63741282AC4E85800072236 /* AppetizerListViewModel.swift in Sources */,
				F61DFFA72ABE32FA005AFBF4 /* AccountView.swift in Sources */,
				F61DFF992ABE1284005AFBF4 /* AppetizerTabView.swift in Sources */,
				F63B9C592AC0F5EF00F7197A /* NetworkManager.swift in Sources */,
				F68895F82ACC8FEA000AB43B /* AppetizerDetailView.swift in Sources */,
				F61DFF972ABE1284005AFBF4 /* AppetizersApp.swift in Sources */,
				F6A95AD72ACE7754004276E6 /* AccountViewModel.swift in Sources */,
				F6A95AD32ACE50F6004276E6 /* APButton.swift in Sources */,
				F637412A2AC4F1A300072236 /* Alert.swift in Sources */,
				F6374E982ACF3F0700184FD3 /* User.swift in Sources */,
				F61DFFA52ABE329A005AFBF4 /* AppetizerListView.swift in Sources */,
				F61DFFA92ABE3315005AFBF4 /* OrderView.swift in Sources */,
				F6A95AD52ACE52EF004276E6 /* XDismissButton.swift in Sources */,
			);
			runOnlyForDeploymentPostprocessing = 0;
		};
/* End PBXSourcesBuildPhase section */

/* Begin XCBuildConfiguration section */
		F61DFF9F2ABE1287005AFBF4 /* Debug */ = {
			isa = XCBuildConfiguration;
			buildSettings = {
				ALWAYS_SEARCH_USER_PATHS = NO;
				ASSETCATALOG_COMPILER_GENERATE_SWIFT_ASSET_SYMBOL_EXTENSIONS = YES;
				CLANG_ANALYZER_NONNULL = YES;
				CLANG_ANALYZER_NUMBER_OBJECT_CONVERSION = YES_AGGRESSIVE;
				CLANG_CXX_LANGUAGE_STANDARD = "gnu++20";
				CLANG_ENABLE_MODULES = YES;
				CLANG_ENABLE_OBJC_ARC = YES;
				CLANG_ENABLE_OBJC_WEAK = YES;
				CLANG_WARN_BLOCK_CAPTURE_AUTORELEASING = YES;
				CLANG_WARN_BOOL_CONVERSION = YES;
				CLANG_WARN_COMMA = YES;
				CLANG_WARN_CONSTANT_CONVERSION = YES;
				CLANG_WARN_DEPRECATED_OBJC_IMPLEMENTATIONS = YES;
				CLANG_WARN_DIRECT_OBJC_ISA_USAGE = YES_ERROR;
				CLANG_WARN_DOCUMENTATION_COMMENTS = YES;
				CLANG_WARN_EMPTY_BODY = YES;
				CLANG_WARN_ENUM_CONVERSION = YES;
				CLANG_WARN_INFINITE_RECURSION = YES;
				CLANG_WARN_INT_CONVERSION = YES;
				CLANG_WARN_NON_LITERAL_NULL_CONVERSION = YES;
				CLANG_WARN_OBJC_IMPLICIT_RETAIN_SELF = YES;
				CLANG_WARN_OBJC_LITERAL_CONVERSION = YES;
				CLANG_WARN_OBJC_ROOT_CLASS = YES_ERROR;
				CLANG_WARN_QUOTED_INCLUDE_IN_FRAMEWORK_HEADER = YES;
				CLANG_WARN_RANGE_LOOP_ANALYSIS = YES;
				CLANG_WARN_STRICT_PROTOTYPES = YES;
				CLANG_WARN_SUSPICIOUS_MOVE = YES;
				CLANG_WARN_UNGUARDED_AVAILABILITY = YES_AGGRESSIVE;
				CLANG_WARN_UNREACHABLE_CODE = YES;
				CLANG_WARN__DUPLICATE_METHOD_MATCH = YES;
				COPY_PHASE_STRIP = NO;
				DEBUG_INFORMATION_FORMAT = dwarf;
				ENABLE_STRICT_OBJC_MSGSEND = YES;
				ENABLE_TESTABILITY = YES;
				ENABLE_USER_SCRIPT_SANDBOXING = YES;
				GCC_C_LANGUAGE_STANDARD = gnu17;
				GCC_DYNAMIC_NO_PIC = NO;
				GCC_NO_COMMON_BLOCKS = YES;
				GCC_OPTIMIZATION_LEVEL = 0;
				GCC_PREPROCESSOR_DEFINITIONS = (
					"DEBUG=1",
					"$(inherited)",
				);
				GCC_WARN_64_TO_32_BIT_CONVERSION = YES;
				GCC_WARN_ABOUT_RETURN_TYPE = YES_ERROR;
				GCC_WARN_UNDECLARED_SELECTOR = YES;
				GCC_WARN_UNINITIALIZED_AUTOS = YES_AGGRESSIVE;
				GCC_WARN_UNUSED_FUNCTION = YES;
				GCC_WARN_UNUSED_VARIABLE = YES;
				IPHONEOS_DEPLOYMENT_TARGET = 17.0;
				LOCALIZATION_PREFERS_STRING_CATALOGS = YES;
				MTL_ENABLE_DEBUG_INFO = INCLUDE_SOURCE;
				MTL_FAST_MATH = YES;
				ONLY_ACTIVE_ARCH = YES;
				SDKROOT = iphoneos;
				SWIFT_ACTIVE_COMPILATION_CONDITIONS = "DEBUG $(inherited)";
				SWIFT_OPTIMIZATION_LEVEL = "-Onone";
			};
			name = Debug;
		};
		F61DFFA02ABE1287005AFBF4 /* Release */ = {
			isa = XCBuildConfiguration;
			buildSettings = {
				ALWAYS_SEARCH_USER_PATHS = NO;
				ASSETCATALOG_COMPILER_GENERATE_SWIFT_ASSET_SYMBOL_EXTENSIONS = YES;
				CLANG_ANALYZER_NONNULL = YES;
				CLANG_ANALYZER_NUMBER_OBJECT_CONVERSION = YES_AGGRESSIVE;
				CLANG_CXX_LANGUAGE_STANDARD = "gnu++20";
				CLANG_ENABLE_MODULES = YES;
				CLANG_ENABLE_OBJC_ARC = YES;
				CLANG_ENABLE_OBJC_WEAK = YES;
				CLANG_WARN_BLOCK_CAPTURE_AUTORELEASING = YES;
				CLANG_WARN_BOOL_CONVERSION = YES;
				CLANG_WARN_COMMA = YES;
				CLANG_WARN_CONSTANT_CONVERSION = YES;
				CLANG_WARN_DEPRECATED_OBJC_IMPLEMENTATIONS = YES;
				CLANG_WARN_DIRECT_OBJC_ISA_USAGE = YES_ERROR;
				CLANG_WARN_DOCUMENTATION_COMMENTS = YES;
				CLANG_WARN_EMPTY_BODY = YES;
				CLANG_WARN_ENUM_CONVERSION = YES;
				CLANG_WARN_INFINITE_RECURSION = YES;
				CLANG_WARN_INT_CONVERSION = YES;
				CLANG_WARN_NON_LITERAL_NULL_CONVERSION = YES;
				CLANG_WARN_OBJC_IMPLICIT_RETAIN_SELF = YES;
				CLANG_WARN_OBJC_LITERAL_CONVERSION = YES;
				CLANG_WARN_OBJC_ROOT_CLASS = YES_ERROR;
				CLANG_WARN_QUOTED_INCLUDE_IN_FRAMEWORK_HEADER = YES;
				CLANG_WARN_RANGE_LOOP_ANALYSIS = YES;
				CLANG_WARN_STRICT_PROTOTYPES = YES;
				CLANG_WARN_SUSPICIOUS_MOVE = YES;
				CLANG_WARN_UNGUARDED_AVAILABILITY = YES_AGGRESSIVE;
				CLANG_WARN_UNREACHABLE_CODE = YES;
				CLANG_WARN__DUPLICATE_METHOD_MATCH = YES;
				COPY_PHASE_STRIP = NO;
				DEBUG_INFORMATION_FORMAT = "dwarf-with-dsym";
				ENABLE_NS_ASSERTIONS = NO;
				ENABLE_STRICT_OBJC_MSGSEND = YES;
				ENABLE_USER_SCRIPT_SANDBOXING = YES;
				GCC_C_LANGUAGE_STANDARD = gnu17;
				GCC_NO_COMMON_BLOCKS = YES;
				GCC_WARN_64_TO_32_BIT_CONVERSION = YES;
				GCC_WARN_ABOUT_RETURN_TYPE = YES_ERROR;
				GCC_WARN_UNDECLARED_SELECTOR = YES;
				GCC_WARN_UNINITIALIZED_AUTOS = YES_AGGRESSIVE;
				GCC_WARN_UNUSED_FUNCTION = YES;
				GCC_WARN_UNUSED_VARIABLE = YES;
				IPHONEOS_DEPLOYMENT_TARGET = 17.0;
				LOCALIZATION_PREFERS_STRING_CATALOGS = YES;
				MTL_ENABLE_DEBUG_INFO = NO;
				MTL_FAST_MATH = YES;
				SDKROOT = iphoneos;
				SWIFT_COMPILATION_MODE = wholemodule;
				VALIDATE_PRODUCT = YES;
			};
			name = Release;
		};
		F61DFFA22ABE1287005AFBF4 /* Debug */ = {
			isa = XCBuildConfiguration;
			buildSettings = {
				ASSETCATALOG_COMPILER_APPICON_NAME = AppIcon;
				ASSETCATALOG_COMPILER_GLOBAL_ACCENT_COLOR_NAME = AccentColor;
				CODE_SIGN_STYLE = Automatic;
				CURRENT_PROJECT_VERSION = 1;
				DEVELOPMENT_ASSET_PATHS = "\"Appetizers/Preview Content\"";
				DEVELOPMENT_TEAM = WF8GCL77CM;
				ENABLE_PREVIEWS = YES;
				GENERATE_INFOPLIST_FILE = YES;
				INFOPLIST_KEY_UIApplicationSceneManifest_Generation = YES;
				INFOPLIST_KEY_UIApplicationSupportsIndirectInputEvents = YES;
				INFOPLIST_KEY_UILaunchScreen_Generation = YES;
				INFOPLIST_KEY_UISupportedInterfaceOrientations_iPad = "UIInterfaceOrientationPortrait UIInterfaceOrientationPortraitUpsideDown UIInterfaceOrientationLandscapeLeft UIInterfaceOrientationLandscapeRight";
				INFOPLIST_KEY_UISupportedInterfaceOrientations_iPhone = "UIInterfaceOrientationPortrait UIInterfaceOrientationLandscapeLeft UIInterfaceOrientationLandscapeRight";
				LD_RUNPATH_SEARCH_PATHS = (
					"$(inherited)",
					"@executable_path/Frameworks",
				);
				MARKETING_VERSION = 1.0;
				PRODUCT_BUNDLE_IDENTIFIER = com.luisarmendariz.Appetizers;
				PRODUCT_NAME = "$(TARGET_NAME)";
				SWIFT_EMIT_LOC_STRINGS = YES;
				SWIFT_VERSION = 5.0;
				TARGETED_DEVICE_FAMILY = "1,2";
			};
			name = Debug;
		};
		F61DFFA32ABE1287005AFBF4 /* Release */ = {
			isa = XCBuildConfiguration;
			buildSettings = {
				ASSETCATALOG_COMPILER_APPICON_NAME = AppIcon;
				ASSETCATALOG_COMPILER_GLOBAL_ACCENT_COLOR_NAME = AccentColor;
				CODE_SIGN_STYLE = Automatic;
				CURRENT_PROJECT_VERSION = 1;
				DEVELOPMENT_ASSET_PATHS = "\"Appetizers/Preview Content\"";
				DEVELOPMENT_TEAM = WF8GCL77CM;
				ENABLE_PREVIEWS = YES;
				GENERATE_INFOPLIST_FILE = YES;
				INFOPLIST_KEY_UIApplicationSceneManifest_Generation = YES;
				INFOPLIST_KEY_UIApplicationSupportsIndirectInputEvents = YES;
				INFOPLIST_KEY_UILaunchScreen_Generation = YES;
				INFOPLIST_KEY_UISupportedInterfaceOrientations_iPad = "UIInterfaceOrientationPortrait UIInterfaceOrientationPortraitUpsideDown UIInterfaceOrientationLandscapeLeft UIInterfaceOrientationLandscapeRight";
				INFOPLIST_KEY_UISupportedInterfaceOrientations_iPhone = "UIInterfaceOrientationPortrait UIInterfaceOrientationLandscapeLeft UIInterfaceOrientationLandscapeRight";
				LD_RUNPATH_SEARCH_PATHS = (
					"$(inherited)",
					"@executable_path/Frameworks",
				);
				MARKETING_VERSION = 1.0;
				PRODUCT_BUNDLE_IDENTIFIER = com.luisarmendariz.Appetizers;
				PRODUCT_NAME = "$(TARGET_NAME)";
				SWIFT_EMIT_LOC_STRINGS = YES;
				SWIFT_VERSION = 5.0;
				TARGETED_DEVICE_FAMILY = "1,2";
			};
			name = Release;
		};
/* End XCBuildConfiguration section */

/* Begin XCConfigurationList section */
		F61DFF8E2ABE1284005AFBF4 /* Build configuration list for PBXProject "Appetizers" */ = {
			isa = XCConfigurationList;
			buildConfigurations = (
				F61DFF9F2ABE1287005AFBF4 /* Debug */,
				F61DFFA02ABE1287005AFBF4 /* Release */,
			);
			defaultConfigurationIsVisible = 0;
			defaultConfigurationName = Release;
		};
		F61DFFA12ABE1287005AFBF4 /* Build configuration list for PBXNativeTarget "Appetizers" */ = {
			isa = XCConfigurationList;
			buildConfigurations = (
				F61DFFA22ABE1287005AFBF4 /* Debug */,
				F61DFFA32ABE1287005AFBF4 /* Release */,
			);
			defaultConfigurationIsVisible = 0;
			defaultConfigurationName = Release;
		};
/* End XCConfigurationList section */
	};
	rootObject = F61DFF8B2ABE1284005AFBF4 /* Project object */;
}
